{
  "name": "@shine-api/total-home-score",
  "version": "2.1.0",
  "lockfileVersion": 1,
  "requires": true,
  "dependencies": {
    "@shine-api/common": {
      "version": "2.0.1",
      "resolved": "https://registry.npmjs.org/@shine-api/common/-/common-2.0.1.tgz",
      "integrity": "sha512-vJoOSfV/CKdy23yid1Lj2V/dGn4chV+763ZrHUyLH1LQG/clsKlj+VR3eEBvuU22lbgxwzA25rFde29ZtBxI0Q=="
    }
  }
}
