{
  "name": "@shine-api/demo-app",
  "version": "0.1.0",
  "lockfileVersion": 1,
  "requires": true,
  "dependencies": {
    "@shine-api/total-home-score": {
      "version": "file:../total-home-score",
      "requires": {
        "@shine-api/common": "0.1.0"
      },
      "dependencies": {
        "@shine-api/common": {
          "version": "0.1.0",
          "bundled": true
        }
      }
    },
    "@shine-api/total-home-score-js": {
      "version": "file:../total-home-score-js",
      "requires": {
        "@shine-api/common": "0.1.0"
      },
      "dependencies": {
        "@shine-api/common": {
          "version": "0.1.0",
          "bundled": true
        }
      }
    }
  }
}
